// !$*UTF8*$!
{
	archiveVersion = 1;
	classes = {
	};
	objectVersion = 46;
	objects = {

/* Begin PBXBuildFile section */
		2828B2601E9340110092FB20 /* saveFile.swift in Sources */ = {isa = PBXBuildFile; fileRef = 2828B25F1E9340110092FB20 /* saveFile.swift */; };
		2828B2621E93CE540092FB20 /* Assembler.swift in Sources */ = {isa = PBXBuildFile; fileRef = 2828B2611E93CE540092FB20 /* Assembler.swift */; };
		2828B2671E93DDDD0092FB20 /* programSave.txt in CopyFiles */ = {isa = PBXBuildFile; fileRef = 2828B2641E93D19D0092FB20 /* programSave.txt */; settings = {ATTRIBUTES = (CodeSignOnCopy, ); }; };
		2869D2201E92C138007D273F /* main.swift in Sources */ = {isa = PBXBuildFile; fileRef = 2869D21F1E92C138007D273F /* main.swift */; };
		2869D2271E92C456007D273F /* VirtualMachine.swift in Sources */ = {isa = PBXBuildFile; fileRef = 2869D2261E92C456007D273F /* VirtualMachine.swift */; };
		28857CB71E9C754F00E094F5 /* Debug.swift in Sources */ = {isa = PBXBuildFile; fileRef = 28857CB61E9C754F00E094F5 /* Debug.swift */; };
/* End PBXBuildFile section */

/* Begin PBXCopyFilesBuildPhase section */
		2869D21A1E92C138007D273F /* CopyFiles */ = {
			isa = PBXCopyFilesBuildPhase;
			buildActionMask = 12;
			dstPath = usr/share/man/man1;
			dstSubfolderSpec = 7;
			files = (
				2828B2671E93DDDD0092FB20 /* programSave.txt in CopyFiles */,
			);
			runOnlyForDeploymentPostprocessing = 0;
		};
/* End PBXCopyFilesBuildPhase section */

/* Begin PBXFileReference section */
		2828B25F1E9340110092FB20 /* saveFile.swift */ = {isa = PBXFileReference; fileEncoding = 4; lastKnownFileType = sourcecode.swift; path = saveFile.swift; sourceTree = "<group>"; };
		2828B2611E93CE540092FB20 /* Assembler.swift */ = {isa = PBXFileReference; fileEncoding = 4; lastKnownFileType = sourcecode.swift; path = Assembler.swift; sourceTree = "<group>"; };
		2828B2641E93D19D0092FB20 /* programSave.txt */ = {isa = PBXFileReference; lastKnownFileType = text; name = programSave.txt; path = ../programSave.txt; sourceTree = "<group>"; };
		2828B2691E9437910092FB20 /* A nice program test.txt */ = {isa = PBXFileReference; fileEncoding = 4; lastKnownFileType = text; path = "A nice program test.txt"; sourceTree = SOURCE_ROOT; };
		2869D21C1E92C138007D273F /* SAP */ = {isa = PBXFileReference; explicitFileType = "compiled.mach-o.executable"; includeInIndex = 0; path = SAP; sourceTree = BUILT_PRODUCTS_DIR; };
		2869D21F1E92C138007D273F /* main.swift */ = {isa = PBXFileReference; lastKnownFileType = sourcecode.swift; path = main.swift; sourceTree = "<group>"; };
		2869D2261E92C456007D273F /* VirtualMachine.swift */ = {isa = PBXFileReference; fileEncoding = 4; lastKnownFileType = sourcecode.swift; path = VirtualMachine.swift; sourceTree = "<group>"; };
		28857CB61E9C754F00E094F5 /* Debug.swift */ = {isa = PBXFileReference; fileEncoding = 4; lastKnownFileType = sourcecode.swift; path = Debug.swift; sourceTree = "<group>"; };
/* End PBXFileReference section */

/* Begin PBXFrameworksBuildPhase section */
		2869D2191E92C138007D273F /* Frameworks */ = {
			isa = PBXFrameworksBuildPhase;
			buildActionMask = 2147483647;
			files = (
			);
			runOnlyForDeploymentPostprocessing = 0;
		};
/* End PBXFrameworksBuildPhase section */

/* Begin PBXGroup section */
		2828B2681E93DE500092FB20 /* Programs */ = {
			isa = PBXGroup;
			children = (
				2828B2641E93D19D0092FB20 /* programSave.txt */,
				2828B2691E9437910092FB20 /* A nice program test.txt */,
			);
			name = Programs;
			sourceTree = "<group>";
		};
		2869D2131E92C137007D273F = {
			isa = PBXGroup;
			children = (
				2869D21E1E92C138007D273F /* SAP */,
				2869D21D1E92C138007D273F /* Products */,
			);
			sourceTree = "<group>";
		};
		2869D21D1E92C138007D273F /* Products */ = {
			isa = PBXGroup;
			children = (
				2869D21C1E92C138007D273F /* SAP */,
			);
			name = Products;
			sourceTree = "<group>";
		};
		2869D21E1E92C138007D273F /* SAP */ = {
			isa = PBXGroup;
			children = (
				2828B2681E93DE500092FB20 /* Programs */,
				2828B25F1E9340110092FB20 /* saveFile.swift */,
				2869D21F1E92C138007D273F /* main.swift */,
				2869D2261E92C456007D273F /* VirtualMachine.swift */,
				2828B2611E93CE540092FB20 /* Assembler.swift */,
				28857CB61E9C754F00E094F5 /* Debug.swift */,
			);
			path = SAP;
			sourceTree = "<group>";
		};
/* End PBXGroup section */

/* Begin PBXNativeTarget section */
		2869D21B1E92C138007D273F /* SAP */ = {
			isa = PBXNativeTarget;
			buildConfigurationList = 2869D2231E92C138007D273F /* Build configuration list for PBXNativeTarget "SAP" */;
			buildPhases = (
				2869D2181E92C138007D273F /* Sources */,
				2869D2191E92C138007D273F /* Frameworks */,
				2869D21A1E92C138007D273F /* CopyFiles */,
			);
			buildRules = (
			);
			dependencies = (
			);
			name = SAP;
			productName = SAP;
			productReference = 2869D21C1E92C138007D273F /* SAP */;
			productType = "com.apple.product-type.tool";
		};
/* End PBXNativeTarget section */

/* Begin PBXProject section */
		2869D2141E92C137007D273F /* Project object */ = {
			isa = PBXProject;
			attributes = {
				LastSwiftUpdateCheck = 0820;
				LastUpgradeCheck = 0820;
				ORGANIZATIONNAME = "Liam Pierce";
				TargetAttributes = {
					2869D21B1E92C138007D273F = {
						CreatedOnToolsVersion = 8.2.1;
						ProvisioningStyle = Automatic;
					};
				};
			};
			buildConfigurationList = 2869D2171E92C137007D273F /* Build configuration list for PBXProject "SAP" */;
			compatibilityVersion = "Xcode 3.2";
			developmentRegion = English;
			hasScannedForEncodings = 0;
			knownRegions = (
				en,
			);
			mainGroup = 2869D2131E92C137007D273F;
			productRefGroup = 2869D21D1E92C138007D273F /* Products */;
			projectDirPath = "";
			projectRoot = "";
			targets = (
				2869D21B1E92C138007D273F /* SAP */,
			);
		};
/* End PBXProject section */

/* Begin PBXSourcesBuildPhase section */
		2869D2181E92C138007D273F /* Sources */ = {
			isa = PBXSourcesBuildPhase;
			buildActionMask = 2147483647;
			files = (
				28857CB71E9C754F00E094F5 /* Debug.swift in Sources */,
				2828B2621E93CE540092FB20 /* Assembler.swift in Sources */,
				2869D2201E92C138007D273F /* main.swift in Sources */,
				2828B2601E9340110092FB20 /* saveFile.swift in Sources */,
				2869D2271E92C456007D273F /* VirtualMachine.swift in Sources */,
			);
			runOnlyForDeploymentPostprocessing = 0;
		};
/* End PBXSourcesBuildPhase section */

/* Begin XCBuildConfiguration section */
		2869D2211E92C138007D273F /* Debug */ = {
			isa = XCBuildConfiguration;
			buildSettings = {
				ALWAYS_SEARCH_USER_PATHS = NO;
				CLANG_ANALYZER_NONNULL = YES;
				CLANG_CXX_LANGUAGE_STANDARD = "gnu++0x";
				CLANG_CXX_LIBRARY = "libc++";
				CLANG_ENABLE_MODULES = YES;
				CLANG_ENABLE_OBJC_ARC = YES;
				CLANG_WARN_BOOL_CONVERSION = YES;
				CLANG_WARN_CONSTANT_CONVERSION = YES;
				CLANG_WARN_DIRECT_OBJC_ISA_USAGE = YES_ERROR;
				CLANG_WARN_DOCUMENTATION_COMMENTS = YES;
				CLANG_WARN_EMPTY_BODY = YES;
				CLANG_WARN_ENUM_CONVERSION = YES;
				CLANG_WARN_INFINITE_RECURSION = YES;
				CLANG_WARN_INT_CONVERSION = YES;
				CLANG_WARN_OBJC_ROOT_CLASS = YES_ERROR;
				CLANG_WARN_SUSPICIOUS_MOVE = YES;
				CLANG_WARN_UNREACHABLE_CODE = YES;
				CLANG_WARN__DUPLICATE_METHOD_MATCH = YES;
				CODE_SIGN_IDENTITY = "-";
				COPY_PHASE_STRIP = NO;
				DEBUG_INFORMATION_FORMAT = dwarf;
				ENABLE_STRICT_OBJC_MSGSEND = YES;
				ENABLE_TESTABILITY = YES;
				GCC_C_LANGUAGE_STANDARD = gnu99;
				GCC_DYNAMIC_NO_PIC = NO;
				GCC_NO_COMMON_BLOCKS = YES;
				GCC_OPTIMIZATION_LEVEL = 0;
				GCC_PREPROCESSOR_DEFINITIONS = (
					"DEBUG=1",
					"$(inherited)",
				);
				GCC_WARN_64_TO_32_BIT_CONVERSION = YES;
				GCC_WARN_ABOUT_RETURN_TYPE = YES_ERROR;
				GCC_WARN_UNDECLARED_SELECTOR = YES;
				GCC_WARN_UNINITIALIZED_AUTOS = YES_AGGRESSIVE;
				GCC_WARN_UNUSED_FUNCTION = YES;
				GCC_WARN_UNUSED_VARIABLE = YES;
				MACOSX_DEPLOYMENT_TARGET = 10.12;
				MTL_ENABLE_DEBUG_INFO = YES;
				ONLY_ACTIVE_ARCH = YES;
				SDKROOT = macosx;
				SWIFT_OPTIMIZATION_LEVEL = "-Onone";
			};
			name = Debug;
		};
		2869D2221E92C138007D273F /* Release */ = {
			isa = XCBuildConfiguration;
			buildSettings = {
				ALWAYS_SEARCH_USER_PATHS = NO;
				CLANG_ANALYZER_NONNULL = YES;
				CLANG_CXX_LANGUAGE_STANDARD = "gnu++0x";
				CLANG_CXX_LIBRARY = "libc++";
				CLANG_ENABLE_MODULES = YES;
				CLANG_ENABLE_OBJC_ARC = YES;
				CLANG_WARN_BOOL_CONVERSION = YES;
				CLANG_WARN_CONSTANT_CONVERSION = YES;
				CLANG_WARN_DIRECT_OBJC_ISA_USAGE = YES_ERROR;
				CLANG_WARN_DOCUMENTATION_COMMENTS = YES;
				CLANG_WARN_EMPTY_BODY = YES;
				CLANG_WARN_ENUM_CONVERSION = YES;
				CLANG_WARN_INFINITE_RECURSION = YES;
				CLANG_WARN_INT_CONVERSION = YES;
				CLANG_WARN_OBJC_ROOT_CLASS = YES_ERROR;
				CLANG_WARN_SUSPICIOUS_MOVE = YES;
				CLANG_WARN_UNREACHABLE_CODE = YES;
				CLANG_WARN__DUPLICATE_METHOD_MATCH = YES;
				CODE_SIGN_IDENTITY = "-";
				COPY_PHASE_STRIP = NO;
				DEBUG_INFORMATION_FORMAT = "dwarf-with-dsym";
				ENABLE_NS_ASSERTIONS = NO;
				ENABLE_STRICT_OBJC_MSGSEND = YES;
				GCC_C_LANGUAGE_STANDARD = gnu99;
				GCC_NO_COMMON_BLOCKS = YES;
				GCC_WARN_64_TO_32_BIT_CONVERSION = YES;
				GCC_WARN_ABOUT_RETURN_TYPE = YES_ERROR;
				GCC_WARN_UNDECLARED_SELECTOR = YES;
				GCC_WARN_UNINITIALIZED_AUTOS = YES_AGGRESSIVE;
				GCC_WARN_UNUSED_FUNCTION = YES;
				GCC_WARN_UNUSED_VARIABLE = YES;
				MACOSX_DEPLOYMENT_TARGET = 10.12;
				MTL_ENABLE_DEBUG_INFO = NO;
				SDKROOT = macosx;
			};
			name = Release;
		};
		2869D2241E92C138007D273F /* Debug */ = {
			isa = XCBuildConfiguration;
			buildSettings = {
				MACOSX_DEPLOYMENT_TARGET = 10.10;
				PRODUCT_NAME = "$(TARGET_NAME)";
				SWIFT_VERSION = 3.0;
			};
			name = Debug;
		};
		2869D2251E92C138007D273F /* Release */ = {
			isa = XCBuildConfiguration;
			buildSettings = {
				MACOSX_DEPLOYMENT_TARGET = 10.10;
				PRODUCT_NAME = "$(TARGET_NAME)";
				SWIFT_VERSION = 3.0;
			};
			name = Release;
		};
/* End XCBuildConfiguration section */

/* Begin XCConfigurationList section */
		2869D2171E92C137007D273F /* Build configuration list for PBXProject "SAP" */ = {
			isa = XCConfigurationList;
			buildConfigurations = (
				2869D2211E92C138007D273F /* Debug */,
				2869D2221E92C138007D273F /* Release */,
			);
			defaultConfigurationIsVisible = 0;
			defaultConfigurationName = Release;
		};
		2869D2231E92C138007D273F /* Build configuration list for PBXNativeTarget "SAP" */ = {
			isa = XCConfigurationList;
			buildConfigurations = (
				2869D2241E92C138007D273F /* Debug */,
				2869D2251E92C138007D273F /* Release */,
			);
			defaultConfigurationIsVisible = 0;
			defaultConfigurationName = Release;
		};
/* End XCConfigurationList section */
	};
	rootObject = 2869D2141E92C137007D273F /* Project object */;
}
